PODS:
  - Facebook-iOS-SDK (3.12.0)
  - JBChartView (1.1.5)
  - MBProgressHUD (0.8)
  - Parse (1.2.18):
    - Facebook-iOS-SDK (~> 3.11)

DEPENDENCIES:
  - JBChartView
  - MBProgressHUD (~> 0.8)
  - Parse (~> 1.2.18)

SPEC CHECKSUMS:
  Facebook-iOS-SDK: c09f7d80db5c48170ff834bc03ebe774c49d1f5b
  JBChartView: 8c349166787e239d9e0f2ad50e14bc57eac7b964
  MBProgressHUD: 2bbc6f470111daf7f3eaa4eb12b8cbf01c4c0622
  Parse: 6dd57f2af9f89dc6facc755cec4e96f8b739b1fb

COCOAPODS: 0.29.0
